
Microsoft Visual Studio Solution File, Format Version 10.00
# Visual Studio 2008
Project("{FAE04EC0-301F-11D3-BF4B-00C04F79EFBC}") = "Facetroids", "AsteroidsHD\Facetroids.csproj", "{C89D7BF3-6664-4847-A95D-8E0FB8743302}"
EndProject
Project("{FAE04EC0-301F-11D3-BF4B-00C04F79EFBC}") = "Newtonsoft.Json.MonoTouch", "..\Newtonsoft.Json\Newtonsoft.Json\Newtonsoft.Json.MonoTouch.csproj", "{7E04C0C7-C26E-4F5E-A634-A687757E76A1}"
EndProject
Project("{FAE04EC0-301F-11D3-BF4B-00C04F79EFBC}") = "MonoGame.Framework.iOS", "..\MonoGame\MonoGame.Framework\MonoGame.Framework.iOS.csproj", "{DB8508BB-9849-4CC2-BC0F-8EB5DACB3C47}"
EndProject
Project("{FAE04EC0-301F-11D3-BF4B-00C04F79EFBC}") = "MonoTouch.Dialog", "..\MonoTouch.Dialog\MonoTouch.Dialog\MonoTouch.Dialog.csproj", "{3FFBFFF8-5560-4EDE-82E5-3FFDFBBA8A50}"
EndProject
Project("{FAE04EC0-301F-11D3-BF4B-00C04F79EFBC}") = "Lidgren.Network.iOS", "..\MonoGame\ThirdParty\Lidgren.Network\Lidgren.Network.iOS.csproj", "{734EAA48-F1CA-481A-B391-0285BC0E8B40}"
EndProject
Global
	GlobalSection(SolutionConfigurationPlatforms) = preSolution
		Debug|iPhoneSimulator = Debug|iPhoneSimulator
		Release|iPhoneSimulator = Release|iPhoneSimulator
		Debug|iPhone = Debug|iPhone
		Release|iPhone = Release|iPhone
		AdHoc|iPhone = AdHoc|iPhone
		AdHoc|iPhoneSimulator = AdHoc|iPhoneSimulator
		Debug-Lite|iPhoneSimulator = Debug-Lite|iPhoneSimulator
		Release-Lite|iPhone = Release-Lite|iPhone
		AppStore-Lite|iPhone = AppStore-Lite|iPhone
		AppStore|iPhoneSimulator = AppStore|iPhoneSimulator
	EndGlobalSection
	GlobalSection(ProjectConfigurationPlatforms) = postSolution
		{3FFBFFF8-5560-4EDE-82E5-3FFDFBBA8A50}.AdHoc|iPhone.ActiveCfg = AdHoc|iPhone
		{3FFBFFF8-5560-4EDE-82E5-3FFDFBBA8A50}.AdHoc|iPhone.Build.0 = AdHoc|iPhone
		{3FFBFFF8-5560-4EDE-82E5-3FFDFBBA8A50}.AdHoc|iPhoneSimulator.ActiveCfg = AdHoc|iPhoneSimulator
		{3FFBFFF8-5560-4EDE-82E5-3FFDFBBA8A50}.AdHoc|iPhoneSimulator.Build.0 = AdHoc|iPhoneSimulator
		{3FFBFFF8-5560-4EDE-82E5-3FFDFBBA8A50}.AppStore|iPhoneSimulator.ActiveCfg = AppStore|iPhoneSimulator
		{3FFBFFF8-5560-4EDE-82E5-3FFDFBBA8A50}.AppStore|iPhoneSimulator.Build.0 = AppStore|iPhoneSimulator
		{3FFBFFF8-5560-4EDE-82E5-3FFDFBBA8A50}.AppStore-Lite|iPhone.ActiveCfg = AppStore-Lite|iPhone
		{3FFBFFF8-5560-4EDE-82E5-3FFDFBBA8A50}.AppStore-Lite|iPhone.Build.0 = AppStore-Lite|iPhone
		{3FFBFFF8-5560-4EDE-82E5-3FFDFBBA8A50}.Debug|iPhone.ActiveCfg = Debug|iPhone
		{3FFBFFF8-5560-4EDE-82E5-3FFDFBBA8A50}.Debug|iPhone.Build.0 = Debug|iPhone
		{3FFBFFF8-5560-4EDE-82E5-3FFDFBBA8A50}.Debug|iPhoneSimulator.ActiveCfg = Debug|iPhoneSimulator
		{3FFBFFF8-5560-4EDE-82E5-3FFDFBBA8A50}.Debug|iPhoneSimulator.Build.0 = Debug|iPhoneSimulator
		{3FFBFFF8-5560-4EDE-82E5-3FFDFBBA8A50}.Debug-Lite|iPhoneSimulator.ActiveCfg = Debug-Lite|iPhoneSimulator
		{3FFBFFF8-5560-4EDE-82E5-3FFDFBBA8A50}.Debug-Lite|iPhoneSimulator.Build.0 = Debug-Lite|iPhoneSimulator
		{3FFBFFF8-5560-4EDE-82E5-3FFDFBBA8A50}.Release|iPhone.ActiveCfg = Release|iPhone
		{3FFBFFF8-5560-4EDE-82E5-3FFDFBBA8A50}.Release|iPhone.Build.0 = Release|iPhone
		{3FFBFFF8-5560-4EDE-82E5-3FFDFBBA8A50}.Release|iPhoneSimulator.ActiveCfg = Release|iPhoneSimulator
		{3FFBFFF8-5560-4EDE-82E5-3FFDFBBA8A50}.Release|iPhoneSimulator.Build.0 = Release|iPhoneSimulator
		{3FFBFFF8-5560-4EDE-82E5-3FFDFBBA8A50}.Release-Lite|iPhone.ActiveCfg = Release-Lite|iPhone
		{3FFBFFF8-5560-4EDE-82E5-3FFDFBBA8A50}.Release-Lite|iPhone.Build.0 = Release-Lite|iPhone
		{734EAA48-F1CA-481A-B391-0285BC0E8B40}.AdHoc|iPhone.ActiveCfg = Debug|Any CPU
		{734EAA48-F1CA-481A-B391-0285BC0E8B40}.AdHoc|iPhone.Build.0 = Debug|Any CPU
		{734EAA48-F1CA-481A-B391-0285BC0E8B40}.AdHoc|iPhoneSimulator.ActiveCfg = Debug|Any CPU
		{734EAA48-F1CA-481A-B391-0285BC0E8B40}.AdHoc|iPhoneSimulator.Build.0 = Debug|Any CPU
		{734EAA48-F1CA-481A-B391-0285BC0E8B40}.AppStore|iPhoneSimulator.ActiveCfg = Debug|Any CPU
		{734EAA48-F1CA-481A-B391-0285BC0E8B40}.AppStore|iPhoneSimulator.Build.0 = Debug|Any CPU
		{734EAA48-F1CA-481A-B391-0285BC0E8B40}.AppStore-Lite|iPhone.ActiveCfg = Debug|Any CPU
		{734EAA48-F1CA-481A-B391-0285BC0E8B40}.AppStore-Lite|iPhone.Build.0 = Debug|Any CPU
		{734EAA48-F1CA-481A-B391-0285BC0E8B40}.Debug|iPhone.ActiveCfg = Debug|Any CPU
		{734EAA48-F1CA-481A-B391-0285BC0E8B40}.Debug|iPhone.Build.0 = Debug|Any CPU
		{734EAA48-F1CA-481A-B391-0285BC0E8B40}.Debug|iPhoneSimulator.ActiveCfg = Debug|Any CPU
		{734EAA48-F1CA-481A-B391-0285BC0E8B40}.Debug|iPhoneSimulator.Build.0 = Debug|Any CPU
		{734EAA48-F1CA-481A-B391-0285BC0E8B40}.Debug-Lite|iPhoneSimulator.ActiveCfg = Debug|Any CPU
		{734EAA48-F1CA-481A-B391-0285BC0E8B40}.Debug-Lite|iPhoneSimulator.Build.0 = Debug|Any CPU
		{734EAA48-F1CA-481A-B391-0285BC0E8B40}.Release|iPhone.ActiveCfg = Release|Any CPU
		{734EAA48-F1CA-481A-B391-0285BC0E8B40}.Release|iPhone.Build.0 = Release|Any CPU
		{734EAA48-F1CA-481A-B391-0285BC0E8B40}.Release|iPhoneSimulator.ActiveCfg = Release|Any CPU
		{734EAA48-F1CA-481A-B391-0285BC0E8B40}.Release|iPhoneSimulator.Build.0 = Release|Any CPU
		{734EAA48-F1CA-481A-B391-0285BC0E8B40}.Release-Lite|iPhone.ActiveCfg = Debug|Any CPU
		{734EAA48-F1CA-481A-B391-0285BC0E8B40}.Release-Lite|iPhone.Build.0 = Debug|Any CPU
		{7E04C0C7-C26E-4F5E-A634-A687757E76A1}.AdHoc|iPhone.ActiveCfg = Debug|iPhone
		{7E04C0C7-C26E-4F5E-A634-A687757E76A1}.AdHoc|iPhone.Build.0 = Debug|iPhone
		{7E04C0C7-C26E-4F5E-A634-A687757E76A1}.AdHoc|iPhoneSimulator.ActiveCfg = Debug|iPhoneSimulator
		{7E04C0C7-C26E-4F5E-A634-A687757E76A1}.AdHoc|iPhoneSimulator.Build.0 = Debug|iPhoneSimulator
		{7E04C0C7-C26E-4F5E-A634-A687757E76A1}.AppStore-Lite|iPhone.ActiveCfg = Debug|iPhone
		{7E04C0C7-C26E-4F5E-A634-A687757E76A1}.AppStore-Lite|iPhone.Build.0 = Debug|iPhone
		{7E04C0C7-C26E-4F5E-A634-A687757E76A1}.Debug|iPhone.ActiveCfg = Debug|iPhone
		{7E04C0C7-C26E-4F5E-A634-A687757E76A1}.Debug|iPhone.Build.0 = Debug|iPhone
		{7E04C0C7-C26E-4F5E-A634-A687757E76A1}.Debug|iPhoneSimulator.ActiveCfg = Debug|iPhoneSimulator
		{7E04C0C7-C26E-4F5E-A634-A687757E76A1}.Debug|iPhoneSimulator.Build.0 = Debug|iPhoneSimulator
		{7E04C0C7-C26E-4F5E-A634-A687757E76A1}.Debug-Lite|iPhoneSimulator.ActiveCfg = Debug|iPhoneSimulator
		{7E04C0C7-C26E-4F5E-A634-A687757E76A1}.Debug-Lite|iPhoneSimulator.Build.0 = Debug|iPhoneSimulator
		{7E04C0C7-C26E-4F5E-A634-A687757E76A1}.Release|iPhone.ActiveCfg = Release|iPhone
		{7E04C0C7-C26E-4F5E-A634-A687757E76A1}.Release|iPhone.Build.0 = Release|iPhone
		{7E04C0C7-C26E-4F5E-A634-A687757E76A1}.Release|iPhoneSimulator.ActiveCfg = Release|iPhoneSimulator
		{7E04C0C7-C26E-4F5E-A634-A687757E76A1}.Release|iPhoneSimulator.Build.0 = Release|iPhoneSimulator
		{7E04C0C7-C26E-4F5E-A634-A687757E76A1}.Release-Lite|iPhone.ActiveCfg = Debug|iPhone
		{7E04C0C7-C26E-4F5E-A634-A687757E76A1}.Release-Lite|iPhone.Build.0 = Debug|iPhone
		{C89D7BF3-6664-4847-A95D-8E0FB8743302}.Debug|iPhone.ActiveCfg = Debug|iPhone
		{C89D7BF3-6664-4847-A95D-8E0FB8743302}.Debug|iPhone.Build.0 = Debug|iPhone
		{C89D7BF3-6664-4847-A95D-8E0FB8743302}.Debug|iPhoneSimulator.ActiveCfg = Debug|iPhoneSimulator
		{C89D7BF3-6664-4847-A95D-8E0FB8743302}.Debug|iPhoneSimulator.Build.0 = Debug|iPhoneSimulator
		{C89D7BF3-6664-4847-A95D-8E0FB8743302}.Release|iPhone.ActiveCfg = Release|iPhone
		{C89D7BF3-6664-4847-A95D-8E0FB8743302}.Release|iPhone.Build.0 = Release|iPhone
		{C89D7BF3-6664-4847-A95D-8E0FB8743302}.Release|iPhoneSimulator.ActiveCfg = Release|iPhoneSimulator
		{C89D7BF3-6664-4847-A95D-8E0FB8743302}.Release|iPhoneSimulator.Build.0 = Release|iPhoneSimulator
		{DB8508BB-9849-4CC2-BC0F-8EB5DACB3C47}.AdHoc|iPhone.ActiveCfg = Debug|iPhone
		{DB8508BB-9849-4CC2-BC0F-8EB5DACB3C47}.AdHoc|iPhone.Build.0 = Debug|iPhone
		{DB8508BB-9849-4CC2-BC0F-8EB5DACB3C47}.AdHoc|iPhoneSimulator.ActiveCfg = Debug|iPhoneSimulator
		{DB8508BB-9849-4CC2-BC0F-8EB5DACB3C47}.AdHoc|iPhoneSimulator.Build.0 = Debug|iPhoneSimulator
		{DB8508BB-9849-4CC2-BC0F-8EB5DACB3C47}.AppStore-Lite|iPhone.ActiveCfg = Debug|iPhone
		{DB8508BB-9849-4CC2-BC0F-8EB5DACB3C47}.AppStore-Lite|iPhone.Build.0 = Debug|iPhone
		{DB8508BB-9849-4CC2-BC0F-8EB5DACB3C47}.Debug|iPhone.ActiveCfg = Debug|iPhone
		{DB8508BB-9849-4CC2-BC0F-8EB5DACB3C47}.Debug|iPhone.Build.0 = Debug|iPhone
		{DB8508BB-9849-4CC2-BC0F-8EB5DACB3C47}.Debug|iPhoneSimulator.ActiveCfg = Debug|iPhoneSimulator
		{DB8508BB-9849-4CC2-BC0F-8EB5DACB3C47}.Debug|iPhoneSimulator.Build.0 = Debug|iPhoneSimulator
		{DB8508BB-9849-4CC2-BC0F-8EB5DACB3C47}.Debug-Lite|iPhoneSimulator.ActiveCfg = Debug|iPhoneSimulator
		{DB8508BB-9849-4CC2-BC0F-8EB5DACB3C47}.Debug-Lite|iPhoneSimulator.Build.0 = Debug|iPhoneSimulator
		{DB8508BB-9849-4CC2-BC0F-8EB5DACB3C47}.Release|iPhone.ActiveCfg = Release|iPhone
		{DB8508BB-9849-4CC2-BC0F-8EB5DACB3C47}.Release|iPhone.Build.0 = Release|iPhone
		{DB8508BB-9849-4CC2-BC0F-8EB5DACB3C47}.Release|iPhoneSimulator.ActiveCfg = Release|iPhoneSimulator
		{DB8508BB-9849-4CC2-BC0F-8EB5DACB3C47}.Release|iPhoneSimulator.Build.0 = Release|iPhoneSimulator
		{DB8508BB-9849-4CC2-BC0F-8EB5DACB3C47}.Release-Lite|iPhone.ActiveCfg = Debug|iPhone
		{DB8508BB-9849-4CC2-BC0F-8EB5DACB3C47}.Release-Lite|iPhone.Build.0 = Debug|iPhone
	EndGlobalSection
	GlobalSection(MonoDevelopProperties) = preSolution
		StartupItem = AsteroidsHD\Facetroids.csproj
	EndGlobalSection
EndGlobal
